
Microsoft Visual Studio Solution File, Format Version 11.00
# Visual Studio 2010
Project("{FAE04EC0-301F-11D3-BF4B-00C04F79EFBC}") = "Zenject", "Zenject.csproj", "{48b9f689-98c6-6974-7218-2e6fc5c356d5}"
EndProject
Project("{FAE04EC0-301F-11D3-BF4B-00C04F79EFBC}") = "Assembly-CSharp", "Assembly-CSharp.csproj", "{5961f050-961e-2b4e-307c-c9dd0c6bf676}"
EndProject
Project("{FAE04EC0-301F-11D3-BF4B-00C04F79EFBC}") = "Assembly-CSharp-firstpass", "Assembly-CSharp-firstpass.csproj", "{c4520fe9-b4a7-8c8f-9357-07ac399b9281}"
EndProject
Project("{FAE04EC0-301F-11D3-BF4B-00C04F79EFBC}") = "Zenject-Editor", "Zenject-Editor.csproj", "{de5570d1-f79e-faf4-5f6f-3bd63b7f7a3c}"
EndProject
Project("{FAE04EC0-301F-11D3-BF4B-00C04F79EFBC}") = "Assembly-CSharp-Editor", "Assembly-CSharp-Editor.csproj", "{8ea54941-648c-9eab-a2af-82c4f1c79720}"
EndProject
Global
	GlobalSection(SolutionConfigurationPlatforms) = preSolution
		Debug|Any CPU = Debug|Any CPU
	EndGlobalSection
	GlobalSection(ProjectConfigurationPlatforms) = postSolution
		{48b9f689-98c6-6974-7218-2e6fc5c356d5}.Debug|Any CPU.ActiveCfg = Debug|Any CPU
		{48b9f689-98c6-6974-7218-2e6fc5c356d5}.Debug|Any CPU.Build.0 = Debug|Any CPU
		{5961f050-961e-2b4e-307c-c9dd0c6bf676}.Debug|Any CPU.ActiveCfg = Debug|Any CPU
		{5961f050-961e-2b4e-307c-c9dd0c6bf676}.Debug|Any CPU.Build.0 = Debug|Any CPU
		{c4520fe9-b4a7-8c8f-9357-07ac399b9281}.Debug|Any CPU.ActiveCfg = Debug|Any CPU
		{c4520fe9-b4a7-8c8f-9357-07ac399b9281}.Debug|Any CPU.Build.0 = Debug|Any CPU
		{de5570d1-f79e-faf4-5f6f-3bd63b7f7a3c}.Debug|Any CPU.ActiveCfg = Debug|Any CPU
		{de5570d1-f79e-faf4-5f6f-3bd63b7f7a3c}.Debug|Any CPU.Build.0 = Debug|Any CPU
		{8ea54941-648c-9eab-a2af-82c4f1c79720}.Debug|Any CPU.ActiveCfg = Debug|Any CPU
		{8ea54941-648c-9eab-a2af-82c4f1c79720}.Debug|Any CPU.Build.0 = Debug|Any CPU
	EndGlobalSection
	GlobalSection(SolutionProperties) = preSolution
		HideSolutionNode = FALSE
	EndGlobalSection
EndGlobal
